
Microsoft Visual Studio Solution File, Format Version 12.00
# Visual Studio 14
VisualStudioVersion = 14.0.25420.1
MinimumVisualStudioVersion = 10.0.40219.1
Project("{2150E333-8FDC-42A3-9474-1A3956D46DE8}") = "Domain", "Domain", "{53AF274F-AF1D-4E4C-9048-E96A0B2FC360}"
EndProject
Project("{8BB2217D-0F2D-49D1-97BC-3654ED321F3B}") = "HexagonArchitecture.Domain.Core", "Domain\HexagonArchitecture.Domain.Core\HexagonArchitecture.Domain.Core.xproj", "{8E1F65F2-C966-4FCF-99A8-AE572F1EF898}"
EndProject
Project("{2150E333-8FDC-42A3-9474-1A3956D46DE8}") = "Services", "Services", "{D2C67B05-C487-4A74-ADE9-4E56AEC324DA}"
EndProject
Project("{8BB2217D-0F2D-49D1-97BC-3654ED321F3B}") = "HexagonArchitecture.Services.Interfaces", "Services\HexagonArchitecture.Services.Interfaces\HexagonArchitecture.Services.Interfaces.xproj", "{E28F8DA9-99BF-4590-89DA-92EF6AEF4A50}"
EndProject
Project("{2150E333-8FDC-42A3-9474-1A3956D46DE8}") = "Infrastructure", "Infrastructure", "{48EC0D10-6528-4644-9B32-A1F193C0CE3F}"
EndProject
Project("{8BB2217D-0F2D-49D1-97BC-3654ED321F3B}") = "HexagonArchitecture.Infrastructure.Data", "Infrastructure\HexagonArchitecture.Infrastructure.Data\HexagonArchitecture.Infrastructure.Data.xproj", "{7248E2B6-BBE7-45D6-8344-D39A2D2C0C9C}"
EndProject
Project("{8BB2217D-0F2D-49D1-97BC-3654ED321F3B}") = "HexagonArchitecture.WebApi", "HexagonArchitecture.WebApi\HexagonArchitecture.WebApi.xproj", "{C24E8059-25E3-42FB-8E5D-166092E00340}"
EndProject
Project("{2150E333-8FDC-42A3-9474-1A3956D46DE8}") = "Solution Items", "Solution Items", "{C3A9BC8D-0ED9-4699-B75E-80627E054724}"
	ProjectSection(SolutionItems) = preProject
		global.json = global.json
	EndProjectSection
EndProject
Project("{8BB2217D-0F2D-49D1-97BC-3654ED321F3B}") = "HexagonArchitecture.Domain.Interfaces", "Domain\HexagonArchitecture.Domain.Interfaces\HexagonArchitecture.Domain.Interfaces.xproj", "{F119DF73-5E50-47C6-9108-E8513F0F44A9}"
EndProject
Project("{8BB2217D-0F2D-49D1-97BC-3654ED321F3B}") = "HexagonArchitecture.Infrastructure.Interfaces", "Infrastructure\HexagonArchitecture.Infrastructure.Interfaces\HexagonArchitecture.Infrastructure.Interfaces.xproj", "{BFBE620F-D031-49F0-BD9D-A82E58E5D406}"
EndProject
Project("{8BB2217D-0F2D-49D1-97BC-3654ED321F3B}") = "HexagonArchitecture.Services", "Services\HexagonArchitecture.Services\HexagonArchitecture.Services.xproj", "{BC9E39A4-C6ED-4D40-BF7A-FD14C23105AF}"
EndProject
Global
	GlobalSection(SolutionConfigurationPlatforms) = preSolution
		Debug|Any CPU = Debug|Any CPU
		Release|Any CPU = Release|Any CPU
	EndGlobalSection
	GlobalSection(ProjectConfigurationPlatforms) = postSolution
		{8E1F65F2-C966-4FCF-99A8-AE572F1EF898}.Debug|Any CPU.ActiveCfg = Debug|Any CPU
		{8E1F65F2-C966-4FCF-99A8-AE572F1EF898}.Debug|Any CPU.Build.0 = Debug|Any CPU
		{8E1F65F2-C966-4FCF-99A8-AE572F1EF898}.Release|Any CPU.ActiveCfg = Release|Any CPU
		{8E1F65F2-C966-4FCF-99A8-AE572F1EF898}.Release|Any CPU.Build.0 = Release|Any CPU
		{E28F8DA9-99BF-4590-89DA-92EF6AEF4A50}.Debug|Any CPU.ActiveCfg = Debug|Any CPU
		{E28F8DA9-99BF-4590-89DA-92EF6AEF4A50}.Debug|Any CPU.Build.0 = Debug|Any CPU
		{E28F8DA9-99BF-4590-89DA-92EF6AEF4A50}.Release|Any CPU.ActiveCfg = Release|Any CPU
		{E28F8DA9-99BF-4590-89DA-92EF6AEF4A50}.Release|Any CPU.Build.0 = Release|Any CPU
		{7248E2B6-BBE7-45D6-8344-D39A2D2C0C9C}.Debug|Any CPU.ActiveCfg = Debug|Any CPU
		{7248E2B6-BBE7-45D6-8344-D39A2D2C0C9C}.Debug|Any CPU.Build.0 = Debug|Any CPU
		{7248E2B6-BBE7-45D6-8344-D39A2D2C0C9C}.Release|Any CPU.ActiveCfg = Release|Any CPU
		{7248E2B6-BBE7-45D6-8344-D39A2D2C0C9C}.Release|Any CPU.Build.0 = Release|Any CPU
		{C24E8059-25E3-42FB-8E5D-166092E00340}.Debug|Any CPU.ActiveCfg = Debug|Any CPU
		{C24E8059-25E3-42FB-8E5D-166092E00340}.Debug|Any CPU.Build.0 = Debug|Any CPU
		{C24E8059-25E3-42FB-8E5D-166092E00340}.Release|Any CPU.ActiveCfg = Release|Any CPU
		{C24E8059-25E3-42FB-8E5D-166092E00340}.Release|Any CPU.Build.0 = Release|Any CPU
		{F119DF73-5E50-47C6-9108-E8513F0F44A9}.Debug|Any CPU.ActiveCfg = Debug|Any CPU
		{F119DF73-5E50-47C6-9108-E8513F0F44A9}.Debug|Any CPU.Build.0 = Debug|Any CPU
		{F119DF73-5E50-47C6-9108-E8513F0F44A9}.Release|Any CPU.ActiveCfg = Release|Any CPU
		{F119DF73-5E50-47C6-9108-E8513F0F44A9}.Release|Any CPU.Build.0 = Release|Any CPU
		{BFBE620F-D031-49F0-BD9D-A82E58E5D406}.Debug|Any CPU.ActiveCfg = Debug|Any CPU
		{BFBE620F-D031-49F0-BD9D-A82E58E5D406}.Debug|Any CPU.Build.0 = Debug|Any CPU
		{BFBE620F-D031-49F0-BD9D-A82E58E5D406}.Release|Any CPU.ActiveCfg = Release|Any CPU
		{BFBE620F-D031-49F0-BD9D-A82E58E5D406}.Release|Any CPU.Build.0 = Release|Any CPU
		{BC9E39A4-C6ED-4D40-BF7A-FD14C23105AF}.Debug|Any CPU.ActiveCfg = Debug|Any CPU
		{BC9E39A4-C6ED-4D40-BF7A-FD14C23105AF}.Debug|Any CPU.Build.0 = Debug|Any CPU
		{BC9E39A4-C6ED-4D40-BF7A-FD14C23105AF}.Release|Any CPU.ActiveCfg = Release|Any CPU
		{BC9E39A4-C6ED-4D40-BF7A-FD14C23105AF}.Release|Any CPU.Build.0 = Release|Any CPU
	EndGlobalSection
	GlobalSection(SolutionProperties) = preSolution
		HideSolutionNode = FALSE
	EndGlobalSection
	GlobalSection(NestedProjects) = preSolution
		{8E1F65F2-C966-4FCF-99A8-AE572F1EF898} = {53AF274F-AF1D-4E4C-9048-E96A0B2FC360}
		{E28F8DA9-99BF-4590-89DA-92EF6AEF4A50} = {D2C67B05-C487-4A74-ADE9-4E56AEC324DA}
		{7248E2B6-BBE7-45D6-8344-D39A2D2C0C9C} = {48EC0D10-6528-4644-9B32-A1F193C0CE3F}
		{F119DF73-5E50-47C6-9108-E8513F0F44A9} = {53AF274F-AF1D-4E4C-9048-E96A0B2FC360}
		{BFBE620F-D031-49F0-BD9D-A82E58E5D406} = {48EC0D10-6528-4644-9B32-A1F193C0CE3F}
		{BC9E39A4-C6ED-4D40-BF7A-FD14C23105AF} = {D2C67B05-C487-4A74-ADE9-4E56AEC324DA}
	EndGlobalSection
EndGlobal
